// !$*UTF8*$!
{
	archiveVersion = 1;
	classes = {
	};
	objectVersion = 46;
	objects = {

/* Begin PBXBuildFile section */
		1CEC85A71F055670009FAFF2 /* AppDelegate.swift in Sources */ = {isa = PBXBuildFile; fileRef = 1CEC85A61F055670009FAFF2 /* AppDelegate.swift */; };
		1CEC85AC1F055670009FAFF2 /* Main.storyboard in Resources */ = {isa = PBXBuildFile; fileRef = 1CEC85AA1F055670009FAFF2 /* Main.storyboard */; };
		1CEC85AF1F055670009FAFF2 /* Entregable3.xcdatamodeld in Sources */ = {isa = PBXBuildFile; fileRef = 1CEC85AD1F055670009FAFF2 /* Entregable3.xcdatamodeld */; };
		1CEC85B11F055670009FAFF2 /* Assets.xcassets in Resources */ = {isa = PBXBuildFile; fileRef = 1CEC85B01F055670009FAFF2 /* Assets.xcassets */; };
		1CEC85B41F055670009FAFF2 /* LaunchScreen.storyboard in Resources */ = {isa = PBXBuildFile; fileRef = 1CEC85B21F055670009FAFF2 /* LaunchScreen.storyboard */; };
		1CEC85BD1F0556C8009FAFF2 /* Info.plist in Resources */ = {isa = PBXBuildFile; fileRef = 1CEC85BC1F0556C8009FAFF2 /* Info.plist */; };
		1CEC85C01F05570C009FAFF2 /* Photo.swift in Sources */ = {isa = PBXBuildFile; fileRef = 1CEC85BF1F05570C009FAFF2 /* Photo.swift */; };
		1CEC85C21F055736009FAFF2 /* Dao.swift in Sources */ = {isa = PBXBuildFile; fileRef = 1CEC85C11F055736009FAFF2 /* Dao.swift */; };
		1CEC85C41F055768009FAFF2 /* Service.swift in Sources */ = {isa = PBXBuildFile; fileRef = 1CEC85C31F055768009FAFF2 /* Service.swift */; };
		1CEC85C61F055793009FAFF2 /* PhotoTableViewController.swift in Sources */ = {isa = PBXBuildFile; fileRef = 1CEC85C51F055793009FAFF2 /* PhotoTableViewController.swift */; };
		1CEC85C91F0557F0009FAFF2 /* CeldaTableViewCell.swift in Sources */ = {isa = PBXBuildFile; fileRef = 1CEC85C81F0557F0009FAFF2 /* CeldaTableViewCell.swift */; };
		1CEC85CC1F056D4D009FAFF2 /* HomeViewController.swift in Sources */ = {isa = PBXBuildFile; fileRef = 1CEC85CB1F056D4D009FAFF2 /* HomeViewController.swift */; };
		605990516A933C152EEE0FAE /* Pods_Entregable3.framework in Frameworks */ = {isa = PBXBuildFile; fileRef = 3C640AEFFCDBC90EC5CC2E8D /* Pods_Entregable3.framework */; };
/* End PBXBuildFile section */

/* Begin PBXFileReference section */
		1CEC85A31F055670009FAFF2 /* Entregable3.app */ = {isa = PBXFileReference; explicitFileType = wrapper.application; includeInIndex = 0; path = Entregable3.app; sourceTree = BUILT_PRODUCTS_DIR; };
		1CEC85A61F055670009FAFF2 /* AppDelegate.swift */ = {isa = PBXFileReference; lastKnownFileType = sourcecode.swift; path = AppDelegate.swift; sourceTree = "<group>"; };
		1CEC85AB1F055670009FAFF2 /* Base */ = {isa = PBXFileReference; lastKnownFileType = file.storyboard; name = Base; path = Base.lproj/Main.storyboard; sourceTree = "<group>"; };
		1CEC85AE1F055670009FAFF2 /* Entregable3.xcdatamodel */ = {isa = PBXFileReference; lastKnownFileType = wrapper.xcdatamodel; path = Entregable3.xcdatamodel; sourceTree = "<group>"; };
		1CEC85B01F055670009FAFF2 /* Assets.xcassets */ = {isa = PBXFileReference; lastKnownFileType = folder.assetcatalog; path = Assets.xcassets; sourceTree = "<group>"; };
		1CEC85B31F055670009FAFF2 /* Base */ = {isa = PBXFileReference; lastKnownFileType = file.storyboard; name = Base; path = Base.lproj/LaunchScreen.storyboard; sourceTree = "<group>"; };
		1CEC85BC1F0556C8009FAFF2 /* Info.plist */ = {isa = PBXFileReference; fileEncoding = 4; lastKnownFileType = text.plist.xml; path = Info.plist; sourceTree = "<group>"; };
		1CEC85BF1F05570C009FAFF2 /* Photo.swift */ = {isa = PBXFileReference; fileEncoding = 4; lastKnownFileType = sourcecode.swift; path = Photo.swift; sourceTree = "<group>"; };
		1CEC85C11F055736009FAFF2 /* Dao.swift */ = {isa = PBXFileReference; fileEncoding = 4; lastKnownFileType = sourcecode.swift; path = Dao.swift; sourceTree = "<group>"; };
		1CEC85C31F055768009FAFF2 /* Service.swift */ = {isa = PBXFileReference; fileEncoding = 4; lastKnownFileType = sourcecode.swift; path = Service.swift; sourceTree = "<group>"; };
		1CEC85C51F055793009FAFF2 /* PhotoTableViewController.swift */ = {isa = PBXFileReference; fileEncoding = 4; lastKnownFileType = sourcecode.swift; path = PhotoTableViewController.swift; sourceTree = "<group>"; };
		1CEC85C81F0557F0009FAFF2 /* CeldaTableViewCell.swift */ = {isa = PBXFileReference; fileEncoding = 4; lastKnownFileType = sourcecode.swift; path = CeldaTableViewCell.swift; sourceTree = "<group>"; };
		1CEC85CB1F056D4D009FAFF2 /* HomeViewController.swift */ = {isa = PBXFileReference; fileEncoding = 4; lastKnownFileType = sourcecode.swift; path = HomeViewController.swift; sourceTree = "<group>"; };
		239114197B01E07D646354BE /* Pods-Entregable3.debug.xcconfig */ = {isa = PBXFileReference; includeInIndex = 1; lastKnownFileType = text.xcconfig; name = "Pods-Entregable3.debug.xcconfig"; path = "Pods/Target Support Files/Pods-Entregable3/Pods-Entregable3.debug.xcconfig"; sourceTree = "<group>"; };
		3C640AEFFCDBC90EC5CC2E8D /* Pods_Entregable3.framework */ = {isa = PBXFileReference; explicitFileType = wrapper.framework; includeInIndex = 0; path = Pods_Entregable3.framework; sourceTree = BUILT_PRODUCTS_DIR; };
		453508755B14107EFB6F898C /* Pods-Entregable3.release.xcconfig */ = {isa = PBXFileReference; includeInIndex = 1; lastKnownFileType = text.xcconfig; name = "Pods-Entregable3.release.xcconfig"; path = "Pods/Target Support Files/Pods-Entregable3/Pods-Entregable3.release.xcconfig"; sourceTree = "<group>"; };
/* End PBXFileReference section */

/* Begin PBXFrameworksBuildPhase section */
		1CEC85A01F055670009FAFF2 /* Frameworks */ = {
			isa = PBXFrameworksBuildPhase;
			buildActionMask = 2147483647;
			files = (
				605990516A933C152EEE0FAE /* Pods_Entregable3.framework in Frameworks */,
			);
			runOnlyForDeploymentPostprocessing = 0;
		};
/* End PBXFrameworksBuildPhase section */

/* Begin PBXGroup section */
		1CEC859A1F055670009FAFF2 = {
			isa = PBXGroup;
			children = (
				1CEC85A51F055670009FAFF2 /* Entregable3 */,
				1CEC85A41F055670009FAFF2 /* Products */,
				B1C8A823403BF5C78DA43F8F /* Pods */,
				DC787CBC49B982295540BACB /* Frameworks */,
			);
			sourceTree = "<group>";
		};
		1CEC85A41F055670009FAFF2 /* Products */ = {
			isa = PBXGroup;
			children = (
				1CEC85A31F055670009FAFF2 /* Entregable3.app */,
			);
			name = Products;
			sourceTree = "<group>";
		};
		1CEC85A51F055670009FAFF2 /* Entregable3 */ = {
			isa = PBXGroup;
			children = (
				1CEC85BB1F05569F009FAFF2 /* Main */,
				1CEC85C71F05579A009FAFF2 /* viewController */,
				1CEC85BE1F0556F9009FAFF2 /* Nativos */,
				1CEC85BF1F05570C009FAFF2 /* Photo.swift */,
				1CEC85C11F055736009FAFF2 /* Dao.swift */,
				1CEC85C31F055768009FAFF2 /* Service.swift */,
			);
			path = Entregable3;
			sourceTree = "<group>";
		};
		1CEC85BB1F05569F009FAFF2 /* Main */ = {
			isa = PBXGroup;
			children = (
				1CEC85A61F055670009FAFF2 /* AppDelegate.swift */,
			);
			name = Main;
			sourceTree = "<group>";
		};
		1CEC85BE1F0556F9009FAFF2 /* Nativos */ = {
			isa = PBXGroup;
			children = (
				1CEC85AA1F055670009FAFF2 /* Main.storyboard */,
				1CEC85B21F055670009FAFF2 /* LaunchScreen.storyboard */,
				1CEC85B01F055670009FAFF2 /* Assets.xcassets */,
				1CEC85AD1F055670009FAFF2 /* Entregable3.xcdatamodeld */,
				1CEC85BC1F0556C8009FAFF2 /* Info.plist */,
			);
			name = Nativos;
			sourceTree = "<group>";
		};
		1CEC85C71F05579A009FAFF2 /* viewController */ = {
			isa = PBXGroup;
			children = (
				1CEC85CA1F05580D009FAFF2 /* Celdas */,
				1CEC85C51F055793009FAFF2 /* PhotoTableViewController.swift */,
				1CEC85CB1F056D4D009FAFF2 /* HomeViewController.swift */,
			);
			name = viewController;
			sourceTree = "<group>";
		};
		1CEC85CA1F05580D009FAFF2 /* Celdas */ = {
			isa = PBXGroup;
			children = (
				1CEC85C81F0557F0009FAFF2 /* CeldaTableViewCell.swift */,
			);
			name = Celdas;
			sourceTree = "<group>";
		};
		B1C8A823403BF5C78DA43F8F /* Pods */ = {
			isa = PBXGroup;
			children = (
				239114197B01E07D646354BE /* Pods-Entregable3.debug.xcconfig */,
				453508755B14107EFB6F898C /* Pods-Entregable3.release.xcconfig */,
			);
			name = Pods;
			sourceTree = "<group>";
		};
		DC787CBC49B982295540BACB /* Frameworks */ = {
			isa = PBXGroup;
			children = (
				3C640AEFFCDBC90EC5CC2E8D /* Pods_Entregable3.framework */,
			);
			name = Frameworks;
			sourceTree = "<group>";
		};
/* End PBXGroup section */

/* Begin PBXNativeTarget section */
		1CEC85A21F055670009FAFF2 /* Entregable3 */ = {
			isa = PBXNativeTarget;
			buildConfigurationList = 1CEC85B81F055670009FAFF2 /* Build configuration list for PBXNativeTarget "Entregable3" */;
			buildPhases = (
				FEACCDB462489A8A999CDCB9 /* [CP] Check Pods Manifest.lock */,
				1CEC859F1F055670009FAFF2 /* Sources */,
				1CEC85A01F055670009FAFF2 /* Frameworks */,
				1CEC85A11F055670009FAFF2 /* Resources */,
				12EBFD4E27F81DEF697C5389 /* [CP] Embed Pods Frameworks */,
				8E9A6A8EB1C90DDDC16EDAE6 /* [CP] Copy Pods Resources */,
			);
			buildRules = (
			);
			dependencies = (
			);
			name = Entregable3;
			productName = Entregable3;
			productReference = 1CEC85A31F055670009FAFF2 /* Entregable3.app */;
			productType = "com.apple.product-type.application";
		};
/* End PBXNativeTarget section */

/* Begin PBXProject section */
		1CEC859B1F055670009FAFF2 /* Project object */ = {
			isa = PBXProject;
			attributes = {
				LastSwiftUpdateCheck = 0830;
				LastUpgradeCheck = 0830;
				ORGANIZATIONNAME = luciano;
				TargetAttributes = {
					1CEC85A21F055670009FAFF2 = {
						CreatedOnToolsVersion = 8.3;
						DevelopmentTeam = WEE3S3NWZ2;
						ProvisioningStyle = Automatic;
					};
				};
			};
			buildConfigurationList = 1CEC859E1F055670009FAFF2 /* Build configuration list for PBXProject "Entregable3" */;
			compatibilityVersion = "Xcode 3.2";
			developmentRegion = English;
			hasScannedForEncodings = 0;
			knownRegions = (
				en,
				Base,
			);
			mainGroup = 1CEC859A1F055670009FAFF2;
			productRefGroup = 1CEC85A41F055670009FAFF2 /* Products */;
			projectDirPath = "";
			projectRoot = "";
			targets = (
				1CEC85A21F055670009FAFF2 /* Entregable3 */,
			);
		};
/* End PBXProject section */

/* Begin PBXResourcesBuildPhase section */
		1CEC85A11F055670009FAFF2 /* Resources */ = {
			isa = PBXResourcesBuildPhase;
			buildActionMask = 2147483647;
			files = (
				1CEC85BD1F0556C8009FAFF2 /* Info.plist in Resources */,
				1CEC85B41F055670009FAFF2 /* LaunchScreen.storyboard in Resources */,
				1CEC85B11F055670009FAFF2 /* Assets.xcassets in Resources */,
				1CEC85AC1F055670009FAFF2 /* Main.storyboard in Resources */,
			);
			runOnlyForDeploymentPostprocessing = 0;
		};
/* End PBXResourcesBuildPhase section */

/* Begin PBXShellScriptBuildPhase section */
		12EBFD4E27F81DEF697C5389 /* [CP] Embed Pods Frameworks */ = {
			isa = PBXShellScriptBuildPhase;
			buildActionMask = 2147483647;
			files = (
			);
			inputPaths = (
			);
			name = "[CP] Embed Pods Frameworks";
			outputPaths = (
			);
			runOnlyForDeploymentPostprocessing = 0;
			shellPath = /bin/sh;
			shellScript = "\"${SRCROOT}/Pods/Target Support Files/Pods-Entregable3/Pods-Entregable3-frameworks.sh\"\n";
			showEnvVarsInLog = 0;
		};
		8E9A6A8EB1C90DDDC16EDAE6 /* [CP] Copy Pods Resources */ = {
			isa = PBXShellScriptBuildPhase;
			buildActionMask = 2147483647;
			files = (
			);
			inputPaths = (
			);
			name = "[CP] Copy Pods Resources";
			outputPaths = (
			);
			runOnlyForDeploymentPostprocessing = 0;
			shellPath = /bin/sh;
			shellScript = "\"${SRCROOT}/Pods/Target Support Files/Pods-Entregable3/Pods-Entregable3-resources.sh\"\n";
			showEnvVarsInLog = 0;
		};
		FEACCDB462489A8A999CDCB9 /* [CP] Check Pods Manifest.lock */ = {
			isa = PBXShellScriptBuildPhase;
			buildActionMask = 2147483647;
			files = (
			);
			inputPaths = (
			);
			name = "[CP] Check Pods Manifest.lock";
			outputPaths = (
			);
			runOnlyForDeploymentPostprocessing = 0;
			shellPath = /bin/sh;
			shellScript = "diff \"${PODS_PODFILE_DIR_PATH}/Podfile.lock\" \"${PODS_ROOT}/Manifest.lock\" > /dev/null\nif [ $? != 0 ] ; then\n    # print error to STDERR\n    echo \"error: The sandbox is not in sync with the Podfile.lock. Run 'pod install' or update your CocoaPods installation.\" >&2\n    exit 1\nfi\n";
			showEnvVarsInLog = 0;
		};
/* End PBXShellScriptBuildPhase section */

/* Begin PBXSourcesBuildPhase section */
		1CEC859F1F055670009FAFF2 /* Sources */ = {
			isa = PBXSourcesBuildPhase;
			buildActionMask = 2147483647;
			files = (
				1CEC85C21F055736009FAFF2 /* Dao.swift in Sources */,
				1CEC85AF1F055670009FAFF2 /* Entregable3.xcdatamodeld in Sources */,
				1CEC85C41F055768009FAFF2 /* Service.swift in Sources */,
				1CEC85CC1F056D4D009FAFF2 /* HomeViewController.swift in Sources */,
				1CEC85C01F05570C009FAFF2 /* Photo.swift in Sources */,
				1CEC85C91F0557F0009FAFF2 /* CeldaTableViewCell.swift in Sources */,
				1CEC85A71F055670009FAFF2 /* AppDelegate.swift in Sources */,
				1CEC85C61F055793009FAFF2 /* PhotoTableViewController.swift in Sources */,
			);
			runOnlyForDeploymentPostprocessing = 0;
		};
/* End PBXSourcesBuildPhase section */

/* Begin PBXVariantGroup section */
		1CEC85AA1F055670009FAFF2 /* Main.storyboard */ = {
			isa = PBXVariantGroup;
			children = (
				1CEC85AB1F055670009FAFF2 /* Base */,
			);
			name = Main.storyboard;
			sourceTree = "<group>";
		};
		1CEC85B21F055670009FAFF2 /* LaunchScreen.storyboard */ = {
			isa = PBXVariantGroup;
			children = (
				1CEC85B31F055670009FAFF2 /* Base */,
			);
			name = LaunchScreen.storyboard;
			sourceTree = "<group>";
		};
/* End PBXVariantGroup section */

/* Begin XCBuildConfiguration section */
		1CEC85B61F055670009FAFF2 /* Debug */ = {
			isa = XCBuildConfiguration;
			buildSettings = {
				ALWAYS_SEARCH_USER_PATHS = NO;
				CLANG_ANALYZER_NONNULL = YES;
				CLANG_ANALYZER_NUMBER_OBJECT_CONVERSION = YES_AGGRESSIVE;
				CLANG_CXX_LANGUAGE_STANDARD = "gnu++0x";
				CLANG_CXX_LIBRARY = "libc++";
				CLANG_ENABLE_MODULES = YES;
				CLANG_ENABLE_OBJC_ARC = YES;
				CLANG_WARN_BOOL_CONVERSION = YES;
				CLANG_WARN_CONSTANT_CONVERSION = YES;
				CLANG_WARN_DIRECT_OBJC_ISA_USAGE = YES_ERROR;
				CLANG_WARN_DOCUMENTATION_COMMENTS = YES;
				CLANG_WARN_EMPTY_BODY = YES;
				CLANG_WARN_ENUM_CONVERSION = YES;
				CLANG_WARN_INFINITE_RECURSION = YES;
				CLANG_WARN_INT_CONVERSION = YES;
				CLANG_WARN_OBJC_ROOT_CLASS = YES_ERROR;
				CLANG_WARN_SUSPICIOUS_MOVE = YES;
				CLANG_WARN_UNREACHABLE_CODE = YES;
				CLANG_WARN__DUPLICATE_METHOD_MATCH = YES;
				"CODE_SIGN_IDENTITY[sdk=iphoneos*]" = "iPhone Developer";
				COPY_PHASE_STRIP = NO;
				DEBUG_INFORMATION_FORMAT = dwarf;
				ENABLE_STRICT_OBJC_MSGSEND = YES;
				ENABLE_TESTABILITY = YES;
				GCC_C_LANGUAGE_STANDARD = gnu99;
				GCC_DYNAMIC_NO_PIC = NO;
				GCC_NO_COMMON_BLOCKS = YES;
				GCC_OPTIMIZATION_LEVEL = 0;
				GCC_PREPROCESSOR_DEFINITIONS = (
					"DEBUG=1",
					"$(inherited)",
				);
				GCC_WARN_64_TO_32_BIT_CONVERSION = YES;
				GCC_WARN_ABOUT_RETURN_TYPE = YES_ERROR;
				GCC_WARN_UNDECLARED_SELECTOR = YES;
				GCC_WARN_UNINITIALIZED_AUTOS = YES_AGGRESSIVE;
				GCC_WARN_UNUSED_FUNCTION = YES;
				GCC_WARN_UNUSED_VARIABLE = YES;
				IPHONEOS_DEPLOYMENT_TARGET = 10.3;
				MTL_ENABLE_DEBUG_INFO = YES;
				ONLY_ACTIVE_ARCH = YES;
				SDKROOT = iphoneos;
				SWIFT_ACTIVE_COMPILATION_CONDITIONS = DEBUG;
				SWIFT_OPTIMIZATION_LEVEL = "-Onone";
			};
			name = Debug;
		};
		1CEC85B71F055670009FAFF2 /* Release */ = {
			isa = XCBuildConfiguration;
			buildSettings = {
				ALWAYS_SEARCH_USER_PATHS = NO;
				CLANG_ANALYZER_NONNULL = YES;
				CLANG_ANALYZER_NUMBER_OBJECT_CONVERSION = YES_AGGRESSIVE;
				CLANG_CXX_LANGUAGE_STANDARD = "gnu++0x";
				CLANG_CXX_LIBRARY = "libc++";
				CLANG_ENABLE_MODULES = YES;
				CLANG_ENABLE_OBJC_ARC = YES;
				CLANG_WARN_BOOL_CONVERSION = YES;
				CLANG_WARN_CONSTANT_CONVERSION = YES;
				CLANG_WARN_DIRECT_OBJC_ISA_USAGE = YES_ERROR;
				CLANG_WARN_DOCUMENTATION_COMMENTS = YES;
				CLANG_WARN_EMPTY_BODY = YES;
				CLANG_WARN_ENUM_CONVERSION = YES;
				CLANG_WARN_INFINITE_RECURSION = YES;
				CLANG_WARN_INT_CONVERSION = YES;
				CLANG_WARN_OBJC_ROOT_CLASS = YES_ERROR;
				CLANG_WARN_SUSPICIOUS_MOVE = YES;
				CLANG_WARN_UNREACHABLE_CODE = YES;
				CLANG_WARN__DUPLICATE_METHOD_MATCH = YES;
				"CODE_SIGN_IDENTITY[sdk=iphoneos*]" = "iPhone Developer";
				COPY_PHASE_STRIP = NO;
				DEBUG_INFORMATION_FORMAT = "dwarf-with-dsym";
				ENABLE_NS_ASSERTIONS = NO;
				ENABLE_STRICT_OBJC_MSGSEND = YES;
				GCC_C_LANGUAGE_STANDARD = gnu99;
				GCC_NO_COMMON_BLOCKS = YES;
				GCC_WARN_64_TO_32_BIT_CONVERSION = YES;
				GCC_WARN_ABOUT_RETURN_TYPE = YES_ERROR;
				GCC_WARN_UNDECLARED_SELECTOR = YES;
				GCC_WARN_UNINITIALIZED_AUTOS = YES_AGGRESSIVE;
				GCC_WARN_UNUSED_FUNCTION = YES;
				GCC_WARN_UNUSED_VARIABLE = YES;
				IPHONEOS_DEPLOYMENT_TARGET = 10.3;
				MTL_ENABLE_DEBUG_INFO = NO;
				SDKROOT = iphoneos;
				SWIFT_OPTIMIZATION_LEVEL = "-Owholemodule";
				VALIDATE_PRODUCT = YES;
			};
			name = Release;
		};
		1CEC85B91F055670009FAFF2 /* Debug */ = {
			isa = XCBuildConfiguration;
			baseConfigurationReference = 239114197B01E07D646354BE /* Pods-Entregable3.debug.xcconfig */;
			buildSettings = {
				ASSETCATALOG_COMPILER_APPICON_NAME = AppIcon;
				DEVELOPMENT_TEAM = WEE3S3NWZ2;
				INFOPLIST_FILE = Entregable3/Info.plist;
				IPHONEOS_DEPLOYMENT_TARGET = 10.2;
				LD_RUNPATH_SEARCH_PATHS = "$(inherited) @executable_path/Frameworks";
				PRODUCT_BUNDLE_IDENTIFIER = com.luciano.Entregable3;
				PRODUCT_NAME = "$(TARGET_NAME)";
				SWIFT_VERSION = 3.0;
			};
			name = Debug;
		};
		1CEC85BA1F055670009FAFF2 /* Release */ = {
			isa = XCBuildConfiguration;
			baseConfigurationReference = 453508755B14107EFB6F898C /* Pods-Entregable3.release.xcconfig */;
			buildSettings = {
				ASSETCATALOG_COMPILER_APPICON_NAME = AppIcon;
				DEVELOPMENT_TEAM = WEE3S3NWZ2;
				INFOPLIST_FILE = Entregable3/Info.plist;
				IPHONEOS_DEPLOYMENT_TARGET = 10.2;
				LD_RUNPATH_SEARCH_PATHS = "$(inherited) @executable_path/Frameworks";
				PRODUCT_BUNDLE_IDENTIFIER = com.luciano.Entregable3;
				PRODUCT_NAME = "$(TARGET_NAME)";
				SWIFT_VERSION = 3.0;
			};
			name = Release;
		};
/* End XCBuildConfiguration section */

/* Begin XCConfigurationList section */
		1CEC859E1F055670009FAFF2 /* Build configuration list for PBXProject "Entregable3" */ = {
			isa = XCConfigurationList;
			buildConfigurations = (
				1CEC85B61F055670009FAFF2 /* Debug */,
				1CEC85B71F055670009FAFF2 /* Release */,
			);
			defaultConfigurationIsVisible = 0;
			defaultConfigurationName = Release;
		};
		1CEC85B81F055670009FAFF2 /* Build configuration list for PBXNativeTarget "Entregable3" */ = {
			isa = XCConfigurationList;
			buildConfigurations = (
				1CEC85B91F055670009FAFF2 /* Debug */,
				1CEC85BA1F055670009FAFF2 /* Release */,
			);
			defaultConfigurationIsVisible = 0;
			defaultConfigurationName = Release;
		};
/* End XCConfigurationList section */

/* Begin XCVersionGroup section */
		1CEC85AD1F055670009FAFF2 /* Entregable3.xcdatamodeld */ = {
			isa = XCVersionGroup;
			children = (
				1CEC85AE1F055670009FAFF2 /* Entregable3.xcdatamodel */,
			);
			currentVersion = 1CEC85AE1F055670009FAFF2 /* Entregable3.xcdatamodel */;
			path = Entregable3.xcdatamodeld;
			sourceTree = "<group>";
			versionGroupType = wrapper.xcdatamodel;
		};
/* End XCVersionGroup section */
	};
	rootObject = 1CEC859B1F055670009FAFF2 /* Project object */;
}
