PODS:
  - Alamofire (4.5.0)
  - Kingfisher (3.10.2)
  - TTMVC (0.4.0):
    - Alamofire (~> 4.4)

DEPENDENCIES:
  - Alamofire
  - Kingfisher
  - TTMVC

SPEC CHECKSUMS:
  Alamofire: f28cdffd29de33a7bfa022cbd63ae95a27fae140
  Kingfisher: 7297492bf8cec9b2e2dee3519f2219948580d98e
  TTMVC: 98ba387598570679b93f2e95b4be07abe0790426

PODFILE CHECKSUM: 9e865b73f7aa33bc26cba526296fa898747a5ba5

COCOAPODS: 1.2.1
